Microsoft Visual Studio Solution File, Format Version 12.00
# Visual Studio Version 17
VisualStudioVersion = 17.5.2.0
MinimumVisualStudioVersion = 10.0.40219.1
Project("{FAE04EC0-301F-11D3-BF4B-00C04F79EFBC}") = "FormValidationProgram", "FormValidationProgram.csproj", "{8B113F65-69B3-4C35-2C9B-A3FFFE05DE98}"
EndProject
Global
	GlobalSection(SolutionConfigurationPlatforms) = preSolution
		Debug|Any CPU = Debug|Any CPU
		Release|Any CPU = Release|Any CPU
	EndGlobalSection
	GlobalSection(ProjectConfigurationPlatforms) = postSolution
		{8B113F65-69B3-4C35-2C9B-A3FFFE05DE98}.Debug|Any CPU.ActiveCfg = Debug|Any CPU
		{8B113F65-69B3-4C35-2C9B-A3FFFE05DE98}.Debug|Any CPU.Build.0 = Debug|Any CPU
		{8B113F65-69B3-4C35-2C9B-A3FFFE05DE98}.Release|Any CPU.ActiveCfg = Release|Any CPU
		{8B113F65-69B3-4C35-2C9B-A3FFFE05DE98}.Release|Any CPU.Build.0 = Release|Any CPU
	EndGlobalSection
	GlobalSection(SolutionProperties) = preSolution
		HideSolutionNode = FALSE
	EndGlobalSection
	GlobalSection(ExtensibilityGlobals) = postSolution
		SolutionGuid = {6E7949F3-BD9B-4C39-A805-413DA7F34F0F}
	EndGlobalSection
EndGlobal
